
Microsoft Visual Studio Solution File, Format Version 12.00
# Visual Studio 2012
Project("{FAE04EC0-301F-11D3-BF4B-00C04F79EFBC}") = "ChartJS_MVC_Test", "ChartJS_MVC_Test\ChartJS_MVC_Test.csproj", "{C97F3F91-F619-404C-B4C8-AD77FBBFBE1A}"
EndProject
Global
	GlobalSection(SolutionConfigurationPlatforms) = preSolution
		Debug|Any CPU = Debug|Any CPU
		Release|Any CPU = Release|Any CPU
	EndGlobalSection
	GlobalSection(ProjectConfigurationPlatforms) = postSolution
		{C97F3F91-F619-404C-B4C8-AD77FBBFBE1A}.Debug|Any CPU.ActiveCfg = Debug|Any CPU
		{C97F3F91-F619-404C-B4C8-AD77FBBFBE1A}.Debug|Any CPU.Build.0 = Debug|Any CPU
		{C97F3F91-F619-404C-B4C8-AD77FBBFBE1A}.Release|Any CPU.ActiveCfg = Release|Any CPU
		{C97F3F91-F619-404C-B4C8-AD77FBBFBE1A}.Release|Any CPU.Build.0 = Release|Any CPU
	EndGlobalSection
	GlobalSection(SolutionProperties) = preSolution
		HideSolutionNode = FALSE
	EndGlobalSection
EndGlobal
